// !$*UTF8*$!
{
	archiveVersion = 1;
	classes = {
	};
	objectVersion = 46;
	objects = {

/* Begin PBXBuildFile section */
		4622CC1D1EEE736C00BC0852 /* AppDelegate.swift in Sources */ = {isa = PBXBuildFile; fileRef = 4622CC1C1EEE736C00BC0852 /* AppDelegate.swift */; };
		4622CC1F1EEE736C00BC0852 /* ViewController.swift in Sources */ = {isa = PBXBuildFile; fileRef = 4622CC1E1EEE736C00BC0852 /* ViewController.swift */; };
		4622CC221EEE736C00BC0852 /* Main.storyboard in Resources */ = {isa = PBXBuildFile; fileRef = 4622CC201EEE736C00BC0852 /* Main.storyboard */; };
		4622CC241EEE736C00BC0852 /* Assets.xcassets in Resources */ = {isa = PBXBuildFile; fileRef = 4622CC231EEE736C00BC0852 /* Assets.xcassets */; };
		4622CC271EEE736C00BC0852 /* LaunchScreen.storyboard in Resources */ = {isa = PBXBuildFile; fileRef = 4622CC251EEE736C00BC0852 /* LaunchScreen.storyboard */; };
		4622CC321EEE736C00BC0852 /* helloworldTests.swift in Sources */ = {isa = PBXBuildFile; fileRef = 4622CC311EEE736C00BC0852 /* helloworldTests.swift */; };
		4622CC3D1EEE736C00BC0852 /* helloworldUITests.swift in Sources */ = {isa = PBXBuildFile; fileRef = 4622CC3C1EEE736C00BC0852 /* helloworldUITests.swift */; };
/* End PBXBuildFile section */

/* Begin PBXContainerItemProxy section */
		4622CC2E1EEE736C00BC0852 /* PBXContainerItemProxy */ = {
			isa = PBXContainerItemProxy;
			containerPortal = 4622CC111EEE736C00BC0852 /* Project object */;
			proxyType = 1;
			remoteGlobalIDString = 4622CC181EEE736C00BC0852;
			remoteInfo = helloworld;
		};
		4622CC391EEE736C00BC0852 /* PBXContainerItemProxy */ = {
			isa = PBXContainerItemProxy;
			containerPortal = 4622CC111EEE736C00BC0852 /* Project object */;
			proxyType = 1;
			remoteGlobalIDString = 4622CC181EEE736C00BC0852;
			remoteInfo = helloworld;
		};
/* End PBXContainerItemProxy section */

/* Begin PBXFileReference section */
		4622CC191EEE736C00BC0852 /* helloworld.app */ = {isa = PBXFileReference; explicitFileType = wrapper.application; includeInIndex = 0; path = helloworld.app; sourceTree = BUILT_PRODUCTS_DIR; };
		4622CC1C1EEE736C00BC0852 /* AppDelegate.swift */ = {isa = PBXFileReference; lastKnownFileType = sourcecode.swift; path = AppDelegate.swift; sourceTree = "<group>"; };
		4622CC1E1EEE736C00BC0852 /* ViewController.swift */ = {isa = PBXFileReference; lastKnownFileType = sourcecode.swift; path = ViewController.swift; sourceTree = "<group>"; };
		4622CC211EEE736C00BC0852 /* Base */ = {isa = PBXFileReference; lastKnownFileType = file.storyboard; name = Base; path = Base.lproj/Main.storyboard; sourceTree = "<group>"; };
		4622CC231EEE736C00BC0852 /* Assets.xcassets */ = {isa = PBXFileReference; lastKnownFileType = folder.assetcatalog; path = Assets.xcassets; sourceTree = "<group>"; };
		4622CC261EEE736C00BC0852 /* Base */ = {isa = PBXFileReference; lastKnownFileType = file.storyboard; name = Base; path = Base.lproj/LaunchScreen.storyboard; sourceTree = "<group>"; };
		4622CC281EEE736C00BC0852 /* Info.plist */ = {isa = PBXFileReference; lastKnownFileType = text.plist.xml; path = Info.plist; sourceTree = "<group>"; };
		4622CC2D1EEE736C00BC0852 /* helloworldTests.xctest */ = {isa = PBXFileReference; explicitFileType = wrapper.cfbundle; includeInIndex = 0; path = helloworldTests.xctest; sourceTree = BUILT_PRODUCTS_DIR; };
		4622CC311EEE736C00BC0852 /* helloworldTests.swift */ = {isa = PBXFileReference; lastKnownFileType = sourcecode.swift; path = helloworldTests.swift; sourceTree = "<group>"; };
		4622CC331EEE736C00BC0852 /* Info.plist */ = {isa = PBXFileReference; lastKnownFileType = text.plist.xml; path = Info.plist; sourceTree = "<group>"; };
		4622CC381EEE736C00BC0852 /* helloworldUITests.xctest */ = {isa = PBXFileReference; explicitFileType = wrapper.cfbundle; includeInIndex = 0; path = helloworldUITests.xctest; sourceTree = BUILT_PRODUCTS_DIR; };
		4622CC3C1EEE736C00BC0852 /* helloworldUITests.swift */ = {isa = PBXFileReference; lastKnownFileType = sourcecode.swift; path = helloworldUITests.swift; sourceTree = "<group>"; };
		4622CC3E1EEE736C00BC0852 /* Info.plist */ = {isa = PBXFileReference; lastKnownFileType = text.plist.xml; path = Info.plist; sourceTree = "<group>"; };
/* End PBXFileReference section */

/* Begin PBXFrameworksBuildPhase section */
		4622CC161EEE736C00BC0852 /* Frameworks */ = {
			isa = PBXFrameworksBuildPhase;
			buildActionMask = 2147483647;
			files = (
			);
			runOnlyForDeploymentPostprocessing = 0;
		};
		4622CC2A1EEE736C00BC0852 /* Frameworks */ = {
			isa = PBXFrameworksBuildPhase;
			buildActionMask = 2147483647;
			files = (
			);
			runOnlyForDeploymentPostprocessing = 0;
		};
		4622CC351EEE736C00BC0852 /* Frameworks */ = {
			isa = PBXFrameworksBuildPhase;
			buildActionMask = 2147483647;
			files = (
			);
			runOnlyForDeploymentPostprocessing = 0;
		};
/* End PBXFrameworksBuildPhase section */

/* Begin PBXGroup section */
		4622CC101EEE736C00BC0852 = {
			isa = PBXGroup;
			children = (
				4622CC1B1EEE736C00BC0852 /* helloworld */,
				4622CC301EEE736C00BC0852 /* helloworldTests */,
				4622CC3B1EEE736C00BC0852 /* helloworldUITests */,
				4622CC1A1EEE736C00BC0852 /* Products */,
			);
			sourceTree = "<group>";
		};
		4622CC1A1EEE736C00BC0852 /* Products */ = {
			isa = PBXGroup;
			children = (
				4622CC191EEE736C00BC0852 /* helloworld.app */,
				4622CC2D1EEE736C00BC0852 /* helloworldTests.xctest */,
				4622CC381EEE736C00BC0852 /* helloworldUITests.xctest */,
			);
			name = Products;
			sourceTree = "<group>";
		};
		4622CC1B1EEE736C00BC0852 /* helloworld */ = {
			isa = PBXGroup;
			children = (
				4622CC1C1EEE736C00BC0852 /* AppDelegate.swift */,
				4622CC1E1EEE736C00BC0852 /* ViewController.swift */,
				4622CC201EEE736C00BC0852 /* Main.storyboard */,
				4622CC231EEE736C00BC0852 /* Assets.xcassets */,
				4622CC251EEE736C00BC0852 /* LaunchScreen.storyboard */,
				4622CC281EEE736C00BC0852 /* Info.plist */,
			);
			path = helloworld;
			sourceTree = "<group>";
		};
		4622CC301EEE736C00BC0852 /* helloworldTests */ = {
			isa = PBXGroup;
			children = (
				4622CC311EEE736C00BC0852 /* helloworldTests.swift */,
				4622CC331EEE736C00BC0852 /* Info.plist */,
			);
			path = helloworldTests;
			sourceTree = "<group>";
		};
		4622CC3B1EEE736C00BC0852 /* helloworldUITests */ = {
			isa = PBXGroup;
			children = (
				4622CC3C1EEE736C00BC0852 /* helloworldUITests.swift */,
				4622CC3E1EEE736C00BC0852 /* Info.plist */,
			);
			path = helloworldUITests;
			sourceTree = "<group>";
		};
/* End PBXGroup section */

/* Begin PBXNativeTarget section */
		4622CC181EEE736C00BC0852 /* helloworld */ = {
			isa = PBXNativeTarget;
			buildConfigurationList = 4622CC411EEE736C00BC0852 /* Build configuration list for PBXNativeTarget "helloworld" */;
			buildPhases = (
				4622CC151EEE736C00BC0852 /* Sources */,
				4622CC161EEE736C00BC0852 /* Frameworks */,
				4622CC171EEE736C00BC0852 /* Resources */,
			);
			buildRules = (
			);
			dependencies = (
			);
			name = helloworld;
			productName = helloworld;
			productReference = 4622CC191EEE736C00BC0852 /* helloworld.app */;
			productType = "com.apple.product-type.application";
		};
		4622CC2C1EEE736C00BC0852 /* helloworldTests */ = {
			isa = PBXNativeTarget;
			buildConfigurationList = 4622CC441EEE736C00BC0852 /* Build configuration list for PBXNativeTarget "helloworldTests" */;
			buildPhases = (
				4622CC291EEE736C00BC0852 /* Sources */,
				4622CC2A1EEE736C00BC0852 /* Frameworks */,
				4622CC2B1EEE736C00BC0852 /* Resources */,
			);
			buildRules = (
			);
			dependencies = (
				4622CC2F1EEE736C00BC0852 /* PBXTargetDependency */,
			);
			name = helloworldTests;
			productName = helloworldTests;
			productReference = 4622CC2D1EEE736C00BC0852 /* helloworldTests.xctest */;
			productType = "com.apple.product-type.bundle.unit-test";
		};
		4622CC371EEE736C00BC0852 /* helloworldUITests */ = {
			isa = PBXNativeTarget;
			buildConfigurationList = 4622CC471EEE736C00BC0852 /* Build configuration list for PBXNativeTarget "helloworldUITests" */;
			buildPhases = (
				4622CC341EEE736C00BC0852 /* Sources */,
				4622CC351EEE736C00BC0852 /* Frameworks */,
				4622CC361EEE736C00BC0852 /* Resources */,
			);
			buildRules = (
			);
			dependencies = (
				4622CC3A1EEE736C00BC0852 /* PBXTargetDependency */,
			);
			name = helloworldUITests;
			productName = helloworldUITests;
			productReference = 4622CC381EEE736C00BC0852 /* helloworldUITests.xctest */;
			productType = "com.apple.product-type.bundle.ui-testing";
		};
/* End PBXNativeTarget section */

/* Begin PBXProject section */
		4622CC111EEE736C00BC0852 /* Project object */ = {
			isa = PBXProject;
			attributes = {
				LastSwiftUpdateCheck = 0830;
				LastUpgradeCheck = 0830;
				ORGANIZATIONNAME = "Eren Ozdek";
				TargetAttributes = {
					4622CC181EEE736C00BC0852 = {
						CreatedOnToolsVersion = 8.3.2;
						ProvisioningStyle = Automatic;
					};
					4622CC2C1EEE736C00BC0852 = {
						CreatedOnToolsVersion = 8.3.2;
						ProvisioningStyle = Automatic;
						TestTargetID = 4622CC181EEE736C00BC0852;
					};
					4622CC371EEE736C00BC0852 = {
						CreatedOnToolsVersion = 8.3.2;
						ProvisioningStyle = Automatic;
						TestTargetID = 4622CC181EEE736C00BC0852;
					};
				};
			};
			buildConfigurationList = 4622CC141EEE736C00BC0852 /* Build configuration list for PBXProject "helloworld" */;
			compatibilityVersion = "Xcode 3.2";
			developmentRegion = English;
			hasScannedForEncodings = 0;
			knownRegions = (
				en,
				Base,
			);
			mainGroup = 4622CC101EEE736C00BC0852;
			productRefGroup = 4622CC1A1EEE736C00BC0852 /* Products */;
			projectDirPath = "";
			projectRoot = "";
			targets = (
				4622CC181EEE736C00BC0852 /* helloworld */,
				4622CC2C1EEE736C00BC0852 /* helloworldTests */,
				4622CC371EEE736C00BC0852 /* helloworldUITests */,
			);
		};
/* End PBXProject section */

/* Begin PBXResourcesBuildPhase section */
		4622CC171EEE736C00BC0852 /* Resources */ = {
			isa = PBXResourcesBuildPhase;
			buildActionMask = 2147483647;
			files = (
				4622CC271EEE736C00BC0852 /* LaunchScreen.storyboard in Resources */,
				4622CC241EEE736C00BC0852 /* Assets.xcassets in Resources */,
				4622CC221EEE736C00BC0852 /* Main.storyboard in Resources */,
			);
			runOnlyForDeploymentPostprocessing = 0;
		};
		4622CC2B1EEE736C00BC0852 /* Resources */ = {
			isa = PBXResourcesBuildPhase;
			buildActionMask = 2147483647;
			files = (
			);
			runOnlyForDeploymentPostprocessing = 0;
		};
		4622CC361EEE736C00BC0852 /* Resources */ = {
			isa = PBXResourcesBuildPhase;
			buildActionMask = 2147483647;
			files = (
			);
			runOnlyForDeploymentPostprocessing = 0;
		};
/* End PBXResourcesBuildPhase section */

/* Begin PBXSourcesBuildPhase section */
		4622CC151EEE736C00BC0852 /* Sources */ = {
			isa = PBXSourcesBuildPhase;
			buildActionMask = 2147483647;
			files = (
				4622CC1F1EEE736C00BC0852 /* ViewController.swift in Sources */,
				4622CC1D1EEE736C00BC0852 /* AppDelegate.swift in Sources */,
			);
			runOnlyForDeploymentPostprocessing = 0;
		};
		4622CC291EEE736C00BC0852 /* Sources */ = {
			isa = PBXSourcesBuildPhase;
			buildActionMask = 2147483647;
			files = (
				4622CC321EEE736C00BC0852 /* helloworldTests.swift in Sources */,
			);
			runOnlyForDeploymentPostprocessing = 0;
		};
		4622CC341EEE736C00BC0852 /* Sources */ = {
			isa = PBXSourcesBuildPhase;
			buildActionMask = 2147483647;
			files = (
				4622CC3D1EEE736C00BC0852 /* helloworldUITests.swift in Sources */,
			);
			runOnlyForDeploymentPostprocessing = 0;
		};
/* End PBXSourcesBuildPhase section */

/* Begin PBXTargetDependency section */
		4622CC2F1EEE736C00BC0852 /* PBXTargetDependency */ = {
			isa = PBXTargetDependency;
			target = 4622CC181EEE736C00BC0852 /* helloworld */;
			targetProxy = 4622CC2E1EEE736C00BC0852 /* PBXContainerItemProxy */;
		};
		4622CC3A1EEE736C00BC0852 /* PBXTargetDependency */ = {
			isa = PBXTargetDependency;
			target = 4622CC181EEE736C00BC0852 /* helloworld */;
			targetProxy = 4622CC391EEE736C00BC0852 /* PBXContainerItemProxy */;
		};
/* End PBXTargetDependency section */

/* Begin PBXVariantGroup section */
		4622CC201EEE736C00BC0852 /* Main.storyboard */ = {
			isa = PBXVariantGroup;
			children = (
				4622CC211EEE736C00BC0852 /* Base */,
			);
			name = Main.storyboard;
			sourceTree = "<group>";
		};
		4622CC251EEE736C00BC0852 /* LaunchScreen.storyboard */ = {
			isa = PBXVariantGroup;
			children = (
				4622CC261EEE736C00BC0852 /* Base */,
			);
			name = LaunchScreen.storyboard;
			sourceTree = "<group>";
		};
/* End PBXVariantGroup section */

/* Begin XCBuildConfiguration section */
		4622CC3F1EEE736C00BC0852 /* Debug */ = {
			isa = XCBuildConfiguration;
			buildSettings = {
				ALWAYS_SEARCH_USER_PATHS = NO;
				CLANG_ANALYZER_NONNULL = YES;
				CLANG_ANALYZER_NUMBER_OBJECT_CONVERSION = YES_AGGRESSIVE;
				CLANG_CXX_LANGUAGE_STANDARD = "gnu++0x";
				CLANG_CXX_LIBRARY = "libc++";
				CLANG_ENABLE_MODULES = YES;
				CLANG_ENABLE_OBJC_ARC = YES;
				CLANG_WARN_BOOL_CONVERSION = YES;
				CLANG_WARN_CONSTANT_CONVERSION = YES;
				CLANG_WARN_DIRECT_OBJC_ISA_USAGE = YES_ERROR;
				CLANG_WARN_DOCUMENTATION_COMMENTS = YES;
				CLANG_WARN_EMPTY_BODY = YES;
				CLANG_WARN_ENUM_CONVERSION = YES;
				CLANG_WARN_INFINITE_RECURSION = YES;
				CLANG_WARN_INT_CONVERSION = YES;
				CLANG_WARN_OBJC_ROOT_CLASS = YES_ERROR;
				CLANG_WARN_SUSPICIOUS_MOVE = YES;
				CLANG_WARN_UNREACHABLE_CODE = YES;
				CLANG_WARN__DUPLICATE_METHOD_MATCH = YES;
				"CODE_SIGN_IDENTITY[sdk=iphoneos*]" = "iPhone Developer";
				COPY_PHASE_STRIP = NO;
				DEBUG_INFORMATION_FORMAT = dwarf;
				ENABLE_STRICT_OBJC_MSGSEND = YES;
				ENABLE_TESTABILITY = YES;
				GCC_C_LANGUAGE_STANDARD = gnu99;
				GCC_DYNAMIC_NO_PIC = NO;
				GCC_NO_COMMON_BLOCKS = YES;
				GCC_OPTIMIZATION_LEVEL = 0;
				GCC_PREPROCESSOR_DEFINITIONS = (
					"DEBUG=1",
					"$(inherited)",
				);
				GCC_WARN_64_TO_32_BIT_CONVERSION = YES;
				GCC_WARN_ABOUT_RETURN_TYPE = YES_ERROR;
				GCC_WARN_UNDECLARED_SELECTOR = YES;
				GCC_WARN_UNINITIALIZED_AUTOS = YES_AGGRESSIVE;
				GCC_WARN_UNUSED_FUNCTION = YES;
				GCC_WARN_UNUSED_VARIABLE = YES;
				IPHONEOS_DEPLOYMENT_TARGET = 10.3;
				MTL_ENABLE_DEBUG_INFO = YES;
				ONLY_ACTIVE_ARCH = YES;
				SDKROOT = iphoneos;
				SWIFT_ACTIVE_COMPILATION_CONDITIONS = DEBUG;
				SWIFT_OPTIMIZATION_LEVEL = "-Onone";
				TARGETED_DEVICE_FAMILY = "1,2";
			};
			name = Debug;
		};
		4622CC401EEE736C00BC0852 /* Release */ = {
			isa = XCBuildConfiguration;
			buildSettings = {
				ALWAYS_SEARCH_USER_PATHS = NO;
				CLANG_ANALYZER_NONNULL = YES;
				CLANG_ANALYZER_NUMBER_OBJECT_CONVERSION = YES_AGGRESSIVE;
				CLANG_CXX_LANGUAGE_STANDARD = "gnu++0x";
				CLANG_CXX_LIBRARY = "libc++";
				CLANG_ENABLE_MODULES = YES;
				CLANG_ENABLE_OBJC_ARC = YES;
				CLANG_WARN_BOOL_CONVERSION = YES;
				CLANG_WARN_CONSTANT_CONVERSION = YES;
				CLANG_WARN_DIRECT_OBJC_ISA_USAGE = YES_ERROR;
				CLANG_WARN_DOCUMENTATION_COMMENTS = YES;
				CLANG_WARN_EMPTY_BODY = YES;
				CLANG_WARN_ENUM_CONVERSION = YES;
				CLANG_WARN_INFINITE_RECURSION = YES;
				CLANG_WARN_INT_CONVERSION = YES;
				CLANG_WARN_OBJC_ROOT_CLASS = YES_ERROR;
				CLANG_WARN_SUSPICIOUS_MOVE = YES;
				CLANG_WARN_UNREACHABLE_CODE = YES;
				CLANG_WARN__DUPLICATE_METHOD_MATCH = YES;
				"CODE_SIGN_IDENTITY[sdk=iphoneos*]" = "iPhone Developer";
				COPY_PHASE_STRIP = NO;
				DEBUG_INFORMATION_FORMAT = "dwarf-with-dsym";
				ENABLE_NS_ASSERTIONS = NO;
				ENABLE_STRICT_OBJC_MSGSEND = YES;
				GCC_C_LANGUAGE_STANDARD = gnu99;
				GCC_NO_COMMON_BLOCKS = YES;
				GCC_WARN_64_TO_32_BIT_CONVERSION = YES;
				GCC_WARN_ABOUT_RETURN_TYPE = YES_ERROR;
				GCC_WARN_UNDECLARED_SELECTOR = YES;
				GCC_WARN_UNINITIALIZED_AUTOS = YES_AGGRESSIVE;
				GCC_WARN_UNUSED_FUNCTION = YES;
				GCC_WARN_UNUSED_VARIABLE = YES;
				IPHONEOS_DEPLOYMENT_TARGET = 10.3;
				MTL_ENABLE_DEBUG_INFO = NO;
				SDKROOT = iphoneos;
				SWIFT_OPTIMIZATION_LEVEL = "-Owholemodule";
				TARGETED_DEVICE_FAMILY = "1,2";
				VALIDATE_PRODUCT = YES;
			};
			name = Release;
		};
		4622CC421EEE736C00BC0852 /* Debug */ = {
			isa = XCBuildConfiguration;
			buildSettings = {
				ASSETCATALOG_COMPILER_APPICON_NAME = AppIcon;
				INFOPLIST_FILE = helloworld/Info.plist;
				LD_RUNPATH_SEARCH_PATHS = "$(inherited) @executable_path/Frameworks";
				PRODUCT_BUNDLE_IDENTIFIER = swift.helloworld;
				PRODUCT_NAME = "$(TARGET_NAME)";
				SWIFT_VERSION = 3.0;
			};
			name = Debug;
		};
		4622CC431EEE736C00BC0852 /* Release */ = {
			isa = XCBuildConfiguration;
			buildSettings = {
				ASSETCATALOG_COMPILER_APPICON_NAME = AppIcon;
				INFOPLIST_FILE = helloworld/Info.plist;
				LD_RUNPATH_SEARCH_PATHS = "$(inherited) @executable_path/Frameworks";
				PRODUCT_BUNDLE_IDENTIFIER = swift.helloworld;
				PRODUCT_NAME = "$(TARGET_NAME)";
				SWIFT_VERSION = 3.0;
			};
			name = Release;
		};
		4622CC451EEE736C00BC0852 /* Debug */ = {
			isa = XCBuildConfiguration;
			buildSettings = {
				ALWAYS_EMBED_SWIFT_STANDARD_LIBRARIES = YES;
				BUNDLE_LOADER = "$(TEST_HOST)";
				INFOPLIST_FILE = helloworldTests/Info.plist;
				LD_RUNPATH_SEARCH_PATHS = "$(inherited) @executable_path/Frameworks @loader_path/Frameworks";
				PRODUCT_BUNDLE_IDENTIFIER = swift.helloworldTests;
				PRODUCT_NAME = "$(TARGET_NAME)";
				SWIFT_VERSION = 3.0;
				TEST_HOST = "$(BUILT_PRODUCTS_DIR)/helloworld.app/helloworld";
			};
			name = Debug;
		};
		4622CC461EEE736C00BC0852 /* Release */ = {
			isa = XCBuildConfiguration;
			buildSettings = {
				ALWAYS_EMBED_SWIFT_STANDARD_LIBRARIES = YES;
				BUNDLE_LOADER = "$(TEST_HOST)";
				INFOPLIST_FILE = helloworldTests/Info.plist;
				LD_RUNPATH_SEARCH_PATHS = "$(inherited) @executable_path/Frameworks @loader_path/Frameworks";
				PRODUCT_BUNDLE_IDENTIFIER = swift.helloworldTests;
				PRODUCT_NAME = "$(TARGET_NAME)";
				SWIFT_VERSION = 3.0;
				TEST_HOST = "$(BUILT_PRODUCTS_DIR)/helloworld.app/helloworld";
			};
			name = Release;
		};
		4622CC481EEE736C00BC0852 /* Debug */ = {
			isa = XCBuildConfiguration;
			buildSettings = {
				ALWAYS_EMBED_SWIFT_STANDARD_LIBRARIES = YES;
				INFOPLIST_FILE = helloworldUITests/Info.plist;
				LD_RUNPATH_SEARCH_PATHS = "$(inherited) @executable_path/Frameworks @loader_path/Frameworks";
				PRODUCT_BUNDLE_IDENTIFIER = swift.helloworldUITests;
				PRODUCT_NAME = "$(TARGET_NAME)";
				SWIFT_VERSION = 3.0;
				TEST_TARGET_NAME = helloworld;
			};
			name = Debug;
		};
		4622CC491EEE736C00BC0852 /* Release */ = {
			isa = XCBuildConfiguration;
			buildSettings = {
				ALWAYS_EMBED_SWIFT_STANDARD_LIBRARIES = YES;
				INFOPLIST_FILE = helloworldUITests/Info.plist;
				LD_RUNPATH_SEARCH_PATHS = "$(inherited) @executable_path/Frameworks @loader_path/Frameworks";
				PRODUCT_BUNDLE_IDENTIFIER = swift.helloworldUITests;
				PRODUCT_NAME = "$(TARGET_NAME)";
				SWIFT_VERSION = 3.0;
				TEST_TARGET_NAME = helloworld;
			};
			name = Release;
		};
/* End XCBuildConfiguration section */

/* Begin XCConfigurationList section */
		4622CC141EEE736C00BC0852 /* Build configuration list for PBXProject "helloworld" */ = {
			isa = XCConfigurationList;
			buildConfigurations = (
				4622CC3F1EEE736C00BC0852 /* Debug */,
				4622CC401EEE736C00BC0852 /* Release */,
			);
			defaultConfigurationIsVisible = 0;
			defaultConfigurationName = Release;
		};
		4622CC411EEE736C00BC0852 /* Build configuration list for PBXNativeTarget "helloworld" */ = {
			isa = XCConfigurationList;
			buildConfigurations = (
				4622CC421EEE736C00BC0852 /* Debug */,
				4622CC431EEE736C00BC0852 /* Release */,
			);
			defaultConfigurationIsVisible = 0;
		};
		4622CC441EEE736C00BC0852 /* Build configuration list for PBXNativeTarget "helloworldTests" */ = {
			isa = XCConfigurationList;
			buildConfigurations = (
				4622CC451EEE736C00BC0852 /* Debug */,
				4622CC461EEE736C00BC0852 /* Release */,
			);
			defaultConfigurationIsVisible = 0;
		};
		4622CC471EEE736C00BC0852 /* Build configuration list for PBXNativeTarget "helloworldUITests" */ = {
			isa = XCConfigurationList;
			buildConfigurations = (
				4622CC481EEE736C00BC0852 /* Debug */,
				4622CC491EEE736C00BC0852 /* Release */,
			);
			defaultConfigurationIsVisible = 0;
		};
/* End XCConfigurationList section */
	};
	rootObject = 4622CC111EEE736C00BC0852 /* Project object */;
}
